
Microsoft Visual Studio Solution File, Format Version 12.00
# Visual Studio Version 16
VisualStudioVersion = 16.0.30907.101
MinimumVisualStudioVersion = 10.0.40219.1
Project("{FAE04EC0-301F-11D3-BF4B-00C04F79EFBC}") = "Cabreservation", "Cabreservation\Cabreservation.csproj", "{E3082E80-1C2B-4FDF-B51C-3A92007E6792}"
EndProject
Project("{FAE04EC0-301F-11D3-BF4B-00C04F79EFBC}") = "Cabreservationtestcase", "Cabreservationtestcase\Cabreservationtestcase.csproj", "{26C3F544-C53F-4CB6-91B0-D2E5409BC596}"
EndProject
Global
	GlobalSection(SolutionConfigurationPlatforms) = preSolution
		Debug|Any CPU = Debug|Any CPU
		Release|Any CPU = Release|Any CPU
	EndGlobalSection
	GlobalSection(ProjectConfigurationPlatforms) = postSolution
		{E3082E80-1C2B-4FDF-B51C-3A92007E6792}.Debug|Any CPU.ActiveCfg = Debug|Any CPU
		{E3082E80-1C2B-4FDF-B51C-3A92007E6792}.Debug|Any CPU.Build.0 = Debug|Any CPU
		{E3082E80-1C2B-4FDF-B51C-3A92007E6792}.Release|Any CPU.ActiveCfg = Release|Any CPU
		{E3082E80-1C2B-4FDF-B51C-3A92007E6792}.Release|Any CPU.Build.0 = Release|Any CPU
		{26C3F544-C53F-4CB6-91B0-D2E5409BC596}.Debug|Any CPU.ActiveCfg = Debug|Any CPU
		{26C3F544-C53F-4CB6-91B0-D2E5409BC596}.Debug|Any CPU.Build.0 = Debug|Any CPU
		{26C3F544-C53F-4CB6-91B0-D2E5409BC596}.Release|Any CPU.ActiveCfg = Release|Any CPU
		{26C3F544-C53F-4CB6-91B0-D2E5409BC596}.Release|Any CPU.Build.0 = Release|Any CPU
	EndGlobalSection
	GlobalSection(SolutionProperties) = preSolution
		HideSolutionNode = FALSE
	EndGlobalSection
	GlobalSection(ExtensibilityGlobals) = postSolution
		SolutionGuid = {905E758E-E57C-401A-AF2E-DDCBE3EC6F2A}
	EndGlobalSection
EndGlobal
